// !$*UTF8*$!
{
	archiveVersion = 1;
	classes = {
	};
	objectVersion = 50;
	objects = {

/* Begin PBXBuildFile section */
		9B1BFD6B23C54697001B3E79 /* AppDelegate.swift in Sources */ = {isa = PBXBuildFile; fileRef = 9B1BFD6A23C54697001B3E79 /* AppDelegate.swift */; };
		9B1BFD6D23C54697001B3E79 /* SceneDelegate.swift in Sources */ = {isa = PBXBuildFile; fileRef = 9B1BFD6C23C54697001B3E79 /* SceneDelegate.swift */; };
		9B1BFD6F23C54697001B3E79 /* ViewController.swift in Sources */ = {isa = PBXBuildFile; fileRef = 9B1BFD6E23C54697001B3E79 /* ViewController.swift */; };
		9B1BFD7223C54697001B3E79 /* Main.storyboard in Resources */ = {isa = PBXBuildFile; fileRef = 9B1BFD7023C54697001B3E79 /* Main.storyboard */; };
		9B1BFD7423C54697001B3E79 /* Assets.xcassets in Resources */ = {isa = PBXBuildFile; fileRef = 9B1BFD7323C54697001B3E79 /* Assets.xcassets */; };
		9B1BFD7723C54697001B3E79 /* LaunchScreen.storyboard in Resources */ = {isa = PBXBuildFile; fileRef = 9B1BFD7523C54697001B3E79 /* LaunchScreen.storyboard */; };
		9B1BFD8223C54697001B3E79 /* tictac_demoTests.swift in Sources */ = {isa = PBXBuildFile; fileRef = 9B1BFD8123C54697001B3E79 /* tictac_demoTests.swift */; };
		9B1BFD8D23C54698001B3E79 /* tictac_demoUITests.swift in Sources */ = {isa = PBXBuildFile; fileRef = 9B1BFD8C23C54698001B3E79 /* tictac_demoUITests.swift */; };
		9B1BFD9E23C54799001B3E79 /* cross.png in Resources */ = {isa = PBXBuildFile; fileRef = 9B1BFD9B23C54798001B3E79 /* cross.png */; };
		9B1BFD9F23C54799001B3E79 /* nought.png in Resources */ = {isa = PBXBuildFile; fileRef = 9B1BFD9C23C54799001B3E79 /* nought.png */; };
		9B1BFDA023C54799001B3E79 /* board.png in Resources */ = {isa = PBXBuildFile; fileRef = 9B1BFD9D23C54799001B3E79 /* board.png */; };
/* End PBXBuildFile section */

/* Begin PBXContainerItemProxy section */
		9B1BFD7E23C54697001B3E79 /* PBXContainerItemProxy */ = {
			isa = PBXContainerItemProxy;
			containerPortal = 9B1BFD5F23C54697001B3E79 /* Project object */;
			proxyType = 1;
			remoteGlobalIDString = 9B1BFD6623C54697001B3E79;
			remoteInfo = "tictac demo";
		};
		9B1BFD8923C54698001B3E79 /* PBXContainerItemProxy */ = {
			isa = PBXContainerItemProxy;
			containerPortal = 9B1BFD5F23C54697001B3E79 /* Project object */;
			proxyType = 1;
			remoteGlobalIDString = 9B1BFD6623C54697001B3E79;
			remoteInfo = "tictac demo";
		};
/* End PBXContainerItemProxy section */

/* Begin PBXFileReference section */
		9B1BFD6723C54697001B3E79 /* tictac demo.app */ = {isa = PBXFileReference; explicitFileType = wrapper.application; includeInIndex = 0; path = "tictac demo.app"; sourceTree = BUILT_PRODUCTS_DIR; };
		9B1BFD6A23C54697001B3E79 /* AppDelegate.swift */ = {isa = PBXFileReference; lastKnownFileType = sourcecode.swift; path = AppDelegate.swift; sourceTree = "<group>"; };
		9B1BFD6C23C54697001B3E79 /* SceneDelegate.swift */ = {isa = PBXFileReference; lastKnownFileType = sourcecode.swift; path = SceneDelegate.swift; sourceTree = "<group>"; };
		9B1BFD6E23C54697001B3E79 /* ViewController.swift */ = {isa = PBXFileReference; lastKnownFileType = sourcecode.swift; path = ViewController.swift; sourceTree = "<group>"; };
		9B1BFD7123C54697001B3E79 /* Base */ = {isa = PBXFileReference; lastKnownFileType = file.storyboard; name = Base; path = Base.lproj/Main.storyboard; sourceTree = "<group>"; };
		9B1BFD7323C54697001B3E79 /* Assets.xcassets */ = {isa = PBXFileReference; lastKnownFileType = folder.assetcatalog; path = Assets.xcassets; sourceTree = "<group>"; };
		9B1BFD7623C54697001B3E79 /* Base */ = {isa = PBXFileReference; lastKnownFileType = file.storyboard; name = Base; path = Base.lproj/LaunchScreen.storyboard; sourceTree = "<group>"; };
		9B1BFD7823C54697001B3E79 /* Info.plist */ = {isa = PBXFileReference; lastKnownFileType = text.plist.xml; path = Info.plist; sourceTree = "<group>"; };
		9B1BFD7D23C54697001B3E79 /* tictac demoTests.xctest */ = {isa = PBXFileReference; explicitFileType = wrapper.cfbundle; includeInIndex = 0; path = "tictac demoTests.xctest"; sourceTree = BUILT_PRODUCTS_DIR; };
		9B1BFD8123C54697001B3E79 /* tictac_demoTests.swift */ = {isa = PBXFileReference; lastKnownFileType = sourcecode.swift; path = tictac_demoTests.swift; sourceTree = "<group>"; };
		9B1BFD8323C54697001B3E79 /* Info.plist */ = {isa = PBXFileReference; lastKnownFileType = text.plist.xml; path = Info.plist; sourceTree = "<group>"; };
		9B1BFD8823C54698001B3E79 /* tictac demoUITests.xctest */ = {isa = PBXFileReference; explicitFileType = wrapper.cfbundle; includeInIndex = 0; path = "tictac demoUITests.xctest"; sourceTree = BUILT_PRODUCTS_DIR; };
		9B1BFD8C23C54698001B3E79 /* tictac_demoUITests.swift */ = {isa = PBXFileReference; lastKnownFileType = sourcecode.swift; path = tictac_demoUITests.swift; sourceTree = "<group>"; };
		9B1BFD8E23C54698001B3E79 /* Info.plist */ = {isa = PBXFileReference; lastKnownFileType = text.plist.xml; path = Info.plist; sourceTree = "<group>"; };
		9B1BFD9B23C54798001B3E79 /* cross.png */ = {isa = PBXFileReference; lastKnownFileType = image.png; path = cross.png; sourceTree = "<group>"; };
		9B1BFD9C23C54799001B3E79 /* nought.png */ = {isa = PBXFileReference; lastKnownFileType = image.png; path = nought.png; sourceTree = "<group>"; };
		9B1BFD9D23C54799001B3E79 /* board.png */ = {isa = PBXFileReference; lastKnownFileType = image.png; path = board.png; sourceTree = "<group>"; };
/* End PBXFileReference section */

/* Begin PBXFrameworksBuildPhase section */
		9B1BFD6423C54697001B3E79 /* Frameworks */ = {
			isa = PBXFrameworksBuildPhase;
			buildActionMask = 2147483647;
			files = (
			);
			runOnlyForDeploymentPostprocessing = 0;
		};
		9B1BFD7A23C54697001B3E79 /* Frameworks */ = {
			isa = PBXFrameworksBuildPhase;
			buildActionMask = 2147483647;
			files = (
			);
			runOnlyForDeploymentPostprocessing = 0;
		};
		9B1BFD8523C54698001B3E79 /* Frameworks */ = {
			isa = PBXFrameworksBuildPhase;
			buildActionMask = 2147483647;
			files = (
			);
			runOnlyForDeploymentPostprocessing = 0;
		};
/* End PBXFrameworksBuildPhase section */

/* Begin PBXGroup section */
		9B1BFD5E23C54697001B3E79 = {
			isa = PBXGroup;
			children = (
				9B1BFD6923C54697001B3E79 /* tictac demo */,
				9B1BFD8023C54697001B3E79 /* tictac demoTests */,
				9B1BFD8B23C54698001B3E79 /* tictac demoUITests */,
				9B1BFD6823C54697001B3E79 /* Products */,
			);
			sourceTree = "<group>";
		};
		9B1BFD6823C54697001B3E79 /* Products */ = {
			isa = PBXGroup;
			children = (
				9B1BFD6723C54697001B3E79 /* tictac demo.app */,
				9B1BFD7D23C54697001B3E79 /* tictac demoTests.xctest */,
				9B1BFD8823C54698001B3E79 /* tictac demoUITests.xctest */,
			);
			name = Products;
			sourceTree = "<group>";
		};
		9B1BFD6923C54697001B3E79 /* tictac demo */ = {
			isa = PBXGroup;
			children = (
				9B1BFD9A23C5475A001B3E79 /* New Group */,
				9B1BFD6A23C54697001B3E79 /* AppDelegate.swift */,
				9B1BFD6C23C54697001B3E79 /* SceneDelegate.swift */,
				9B1BFD6E23C54697001B3E79 /* ViewController.swift */,
				9B1BFD7023C54697001B3E79 /* Main.storyboard */,
				9B1BFD7323C54697001B3E79 /* Assets.xcassets */,
				9B1BFD7523C54697001B3E79 /* LaunchScreen.storyboard */,
				9B1BFD7823C54697001B3E79 /* Info.plist */,
			);
			path = "tictac demo";
			sourceTree = "<group>";
		};
		9B1BFD8023C54697001B3E79 /* tictac demoTests */ = {
			isa = PBXGroup;
			children = (
				9B1BFD8123C54697001B3E79 /* tictac_demoTests.swift */,
				9B1BFD8323C54697001B3E79 /* Info.plist */,
			);
			path = "tictac demoTests";
			sourceTree = "<group>";
		};
		9B1BFD8B23C54698001B3E79 /* tictac demoUITests */ = {
			isa = PBXGroup;
			children = (
				9B1BFD8C23C54698001B3E79 /* tictac_demoUITests.swift */,
				9B1BFD8E23C54698001B3E79 /* Info.plist */,
			);
			path = "tictac demoUITests";
			sourceTree = "<group>";
		};
		9B1BFD9A23C5475A001B3E79 /* New Group */ = {
			isa = PBXGroup;
			children = (
				9B1BFD9D23C54799001B3E79 /* board.png */,
				9B1BFD9B23C54798001B3E79 /* cross.png */,
				9B1BFD9C23C54799001B3E79 /* nought.png */,
			);
			path = "New Group";
			sourceTree = "<group>";
		};
/* End PBXGroup section */

/* Begin PBXNativeTarget section */
		9B1BFD6623C54697001B3E79 /* tictac demo */ = {
			isa = PBXNativeTarget;
			buildConfigurationList = 9B1BFD9123C54698001B3E79 /* Build configuration list for PBXNativeTarget "tictac demo" */;
			buildPhases = (
				9B1BFD6323C54697001B3E79 /* Sources */,
				9B1BFD6423C54697001B3E79 /* Frameworks */,
				9B1BFD6523C54697001B3E79 /* Resources */,
			);
			buildRules = (
			);
			dependencies = (
			);
			name = "tictac demo";
			productName = "tictac demo";
			productReference = 9B1BFD6723C54697001B3E79 /* tictac demo.app */;
			productType = "com.apple.product-type.application";
		};
		9B1BFD7C23C54697001B3E79 /* tictac demoTests */ = {
			isa = PBXNativeTarget;
			buildConfigurationList = 9B1BFD9423C54698001B3E79 /* Build configuration list for PBXNativeTarget "tictac demoTests" */;
			buildPhases = (
				9B1BFD7923C54697001B3E79 /* Sources */,
				9B1BFD7A23C54697001B3E79 /* Frameworks */,
				9B1BFD7B23C54697001B3E79 /* Resources */,
			);
			buildRules = (
			);
			dependencies = (
				9B1BFD7F23C54697001B3E79 /* PBXTargetDependency */,
			);
			name = "tictac demoTests";
			productName = "tictac demoTests";
			productReference = 9B1BFD7D23C54697001B3E79 /* tictac demoTests.xctest */;
			productType = "com.apple.product-type.bundle.unit-test";
		};
		9B1BFD8723C54698001B3E79 /* tictac demoUITests */ = {
			isa = PBXNativeTarget;
			buildConfigurationList = 9B1BFD9723C54698001B3E79 /* Build configuration list for PBXNativeTarget "tictac demoUITests" */;
			buildPhases = (
				9B1BFD8423C54698001B3E79 /* Sources */,
				9B1BFD8523C54698001B3E79 /* Frameworks */,
				9B1BFD8623C54698001B3E79 /* Resources */,
			);
			buildRules = (
			);
			dependencies = (
				9B1BFD8A23C54698001B3E79 /* PBXTargetDependency */,
			);
			name = "tictac demoUITests";
			productName = "tictac demoUITests";
			productReference = 9B1BFD8823C54698001B3E79 /* tictac demoUITests.xctest */;
			productType = "com.apple.product-type.bundle.ui-testing";
		};
/* End PBXNativeTarget section */

/* Begin PBXProject section */
		9B1BFD5F23C54697001B3E79 /* Project object */ = {
			isa = PBXProject;
			attributes = {
				LastSwiftUpdateCheck = 1130;
				LastUpgradeCheck = 1130;
				ORGANIZATIONNAME = MacStudent;
				TargetAttributes = {
					9B1BFD6623C54697001B3E79 = {
						CreatedOnToolsVersion = 11.3;
					};
					9B1BFD7C23C54697001B3E79 = {
						CreatedOnToolsVersion = 11.3;
						TestTargetID = 9B1BFD6623C54697001B3E79;
					};
					9B1BFD8723C54698001B3E79 = {
						CreatedOnToolsVersion = 11.3;
						TestTargetID = 9B1BFD6623C54697001B3E79;
					};
				};
			};
			buildConfigurationList = 9B1BFD6223C54697001B3E79 /* Build configuration list for PBXProject "tictac demo" */;
			compatibilityVersion = "Xcode 9.3";
			developmentRegion = en;
			hasScannedForEncodings = 0;
			knownRegions = (
				en,
				Base,
			);
			mainGroup = 9B1BFD5E23C54697001B3E79;
			productRefGroup = 9B1BFD6823C54697001B3E79 /* Products */;
			projectDirPath = "";
			projectRoot = "";
			targets = (
				9B1BFD6623C54697001B3E79 /* tictac demo */,
				9B1BFD7C23C54697001B3E79 /* tictac demoTests */,
				9B1BFD8723C54698001B3E79 /* tictac demoUITests */,
			);
		};
/* End PBXProject section */

/* Begin PBXResourcesBuildPhase section */
		9B1BFD6523C54697001B3E79 /* Resources */ = {
			isa = PBXResourcesBuildPhase;
			buildActionMask = 2147483647;
			files = (
				9B1BFD7723C54697001B3E79 /* LaunchScreen.storyboard in Resources */,
				9B1BFD9F23C54799001B3E79 /* nought.png in Resources */,
				9B1BFDA023C54799001B3E79 /* board.png in Resources */,
				9B1BFD7423C54697001B3E79 /* Assets.xcassets in Resources */,
				9B1BFD9E23C54799001B3E79 /* cross.png in Resources */,
				9B1BFD7223C54697001B3E79 /* Main.storyboard in Resources */,
			);
			runOnlyForDeploymentPostprocessing = 0;
		};
		9B1BFD7B23C54697001B3E79 /* Resources */ = {
			isa = PBXResourcesBuildPhase;
			buildActionMask = 2147483647;
			files = (
			);
			runOnlyForDeploymentPostprocessing = 0;
		};
		9B1BFD8623C54698001B3E79 /* Resources */ = {
			isa = PBXResourcesBuildPhase;
			buildActionMask = 2147483647;
			files = (
			);
			runOnlyForDeploymentPostprocessing = 0;
		};
/* End PBXResourcesBuildPhase section */

/* Begin PBXSourcesBuildPhase section */
		9B1BFD6323C54697001B3E79 /* Sources */ = {
			isa = PBXSourcesBuildPhase;
			buildActionMask = 2147483647;
			files = (
				9B1BFD6F23C54697001B3E79 /* ViewController.swift in Sources */,
				9B1BFD6B23C54697001B3E79 /* AppDelegate.swift in Sources */,
				9B1BFD6D23C54697001B3E79 /* SceneDelegate.swift in Sources */,
			);
			runOnlyForDeploymentPostprocessing = 0;
		};
		9B1BFD7923C54697001B3E79 /* Sources */ = {
			isa = PBXSourcesBuildPhase;
			buildActionMask = 2147483647;
			files = (
				9B1BFD8223C54697001B3E79 /* tictac_demoTests.swift in Sources */,
			);
			runOnlyForDeploymentPostprocessing = 0;
		};
		9B1BFD8423C54698001B3E79 /* Sources */ = {
			isa = PBXSourcesBuildPhase;
			buildActionMask = 2147483647;
			files = (
				9B1BFD8D23C54698001B3E79 /* tictac_demoUITests.swift in Sources */,
			);
			runOnlyForDeploymentPostprocessing = 0;
		};
/* End PBXSourcesBuildPhase section */

/* Begin PBXTargetDependency section */
		9B1BFD7F23C54697001B3E79 /* PBXTargetDependency */ = {
			isa = PBXTargetDependency;
			target = 9B1BFD6623C54697001B3E79 /* tictac demo */;
			targetProxy = 9B1BFD7E23C54697001B3E79 /* PBXContainerItemProxy */;
		};
		9B1BFD8A23C54698001B3E79 /* PBXTargetDependency */ = {
			isa = PBXTargetDependency;
			target = 9B1BFD6623C54697001B3E79 /* tictac demo */;
			targetProxy = 9B1BFD8923C54698001B3E79 /* PBXContainerItemProxy */;
		};
/* End PBXTargetDependency section */

/* Begin PBXVariantGroup section */
		9B1BFD7023C54697001B3E79 /* Main.storyboard */ = {
			isa = PBXVariantGroup;
			children = (
				9B1BFD7123C54697001B3E79 /* Base */,
			);
			name = Main.storyboard;
			sourceTree = "<group>";
		};
		9B1BFD7523C54697001B3E79 /* LaunchScreen.storyboard */ = {
			isa = PBXVariantGroup;
			children = (
				9B1BFD7623C54697001B3E79 /* Base */,
			);
			name = LaunchScreen.storyboard;
			sourceTree = "<group>";
		};
/* End PBXVariantGroup section */

/* Begin XCBuildConfiguration section */
		9B1BFD8F23C54698001B3E79 /* Debug */ = {
			isa = XCBuildConfiguration;
			buildSettings = {
				ALWAYS_SEARCH_USER_PATHS = NO;
				CLANG_ANALYZER_NONNULL = YES;
				CLANG_ANALYZER_NUMBER_OBJECT_CONVERSION = YES_AGGRESSIVE;
				CLANG_CXX_LANGUAGE_STANDARD = "gnu++14";
				CLANG_CXX_LIBRARY = "libc++";
				CLANG_ENABLE_MODULES = YES;
				CLANG_ENABLE_OBJC_ARC = YES;
				CLANG_ENABLE_OBJC_WEAK = YES;
				CLANG_WARN_BLOCK_CAPTURE_AUTORELEASING = YES;
				CLANG_WARN_BOOL_CONVERSION = YES;
				CLANG_WARN_COMMA = YES;
				CLANG_WARN_CONSTANT_CONVERSION = YES;
				CLANG_WARN_DEPRECATED_OBJC_IMPLEMENTATIONS = YES;
				CLANG_WARN_DIRECT_OBJC_ISA_USAGE = YES_ERROR;
				CLANG_WARN_DOCUMENTATION_COMMENTS = YES;
				CLANG_WARN_EMPTY_BODY = YES;
				CLANG_WARN_ENUM_CONVERSION = YES;
				CLANG_WARN_INFINITE_RECURSION = YES;
				CLANG_WARN_INT_CONVERSION = YES;
				CLANG_WARN_NON_LITERAL_NULL_CONVERSION = YES;
				CLANG_WARN_OBJC_IMPLICIT_RETAIN_SELF = YES;
				CLANG_WARN_OBJC_LITERAL_CONVERSION = YES;
				CLANG_WARN_OBJC_ROOT_CLASS = YES_ERROR;
				CLANG_WARN_RANGE_LOOP_ANALYSIS = YES;
				CLANG_WARN_STRICT_PROTOTYPES = YES;
				CLANG_WARN_SUSPICIOUS_MOVE = YES;
				CLANG_WARN_UNGUARDED_AVAILABILITY = YES_AGGRESSIVE;
				CLANG_WARN_UNREACHABLE_CODE = YES;
				CLANG_WARN__DUPLICATE_METHOD_MATCH = YES;
				COPY_PHASE_STRIP = NO;
				DEBUG_INFORMATION_FORMAT = dwarf;
				ENABLE_STRICT_OBJC_MSGSEND = YES;
				ENABLE_TESTABILITY = YES;
				GCC_C_LANGUAGE_STANDARD = gnu11;
				GCC_DYNAMIC_NO_PIC = NO;
				GCC_NO_COMMON_BLOCKS = YES;
				GCC_OPTIMIZATION_LEVEL = 0;
				GCC_PREPROCESSOR_DEFINITIONS = (
					"DEBUG=1",
					"$(inherited)",
				);
				GCC_WARN_64_TO_32_BIT_CONVERSION = YES;
				GCC_WARN_ABOUT_RETURN_TYPE = YES_ERROR;
				GCC_WARN_UNDECLARED_SELECTOR = YES;
				GCC_WARN_UNINITIALIZED_AUTOS = YES_AGGRESSIVE;
				GCC_WARN_UNUSED_FUNCTION = YES;
				GCC_WARN_UNUSED_VARIABLE = YES;
				IPHONEOS_DEPLOYMENT_TARGET = 13.2;
				MTL_ENABLE_DEBUG_INFO = INCLUDE_SOURCE;
				MTL_FAST_MATH = YES;
				ONLY_ACTIVE_ARCH = YES;
				SDKROOT = iphoneos;
				SWIFT_ACTIVE_COMPILATION_CONDITIONS = DEBUG;
				SWIFT_OPTIMIZATION_LEVEL = "-Onone";
			};
			name = Debug;
		};
		9B1BFD9023C54698001B3E79 /* Release */ = {
			isa = XCBuildConfiguration;
			buildSettings = {
				ALWAYS_SEARCH_USER_PATHS = NO;
				CLANG_ANALYZER_NONNULL = YES;
				CLANG_ANALYZER_NUMBER_OBJECT_CONVERSION = YES_AGGRESSIVE;
				CLANG_CXX_LANGUAGE_STANDARD = "gnu++14";
				CLANG_CXX_LIBRARY = "libc++";
				CLANG_ENABLE_MODULES = YES;
				CLANG_ENABLE_OBJC_ARC = YES;
				CLANG_ENABLE_OBJC_WEAK = YES;
				CLANG_WARN_BLOCK_CAPTURE_AUTORELEASING = YES;
				CLANG_WARN_BOOL_CONVERSION = YES;
				CLANG_WARN_COMMA = YES;
				CLANG_WARN_CONSTANT_CONVERSION = YES;
				CLANG_WARN_DEPRECATED_OBJC_IMPLEMENTATIONS = YES;
				CLANG_WARN_DIRECT_OBJC_ISA_USAGE = YES_ERROR;
				CLANG_WARN_DOCUMENTATION_COMMENTS = YES;
				CLANG_WARN_EMPTY_BODY = YES;
				CLANG_WARN_ENUM_CONVERSION = YES;
				CLANG_WARN_INFINITE_RECURSION = YES;
				CLANG_WARN_INT_CONVERSION = YES;
				CLANG_WARN_NON_LITERAL_NULL_CONVERSION = YES;
				CLANG_WARN_OBJC_IMPLICIT_RETAIN_SELF = YES;
				CLANG_WARN_OBJC_LITERAL_CONVERSION = YES;
				CLANG_WARN_OBJC_ROOT_CLASS = YES_ERROR;
				CLANG_WARN_RANGE_LOOP_ANALYSIS = YES;
				CLANG_WARN_STRICT_PROTOTYPES = YES;
				CLANG_WARN_SUSPICIOUS_MOVE = YES;
				CLANG_WARN_UNGUARDED_AVAILABILITY = YES_AGGRESSIVE;
				CLANG_WARN_UNREACHABLE_CODE = YES;
				CLANG_WARN__DUPLICATE_METHOD_MATCH = YES;
				COPY_PHASE_STRIP = NO;
				DEBUG_INFORMATION_FORMAT = "dwarf-with-dsym";
				ENABLE_NS_ASSERTIONS = NO;
				ENABLE_STRICT_OBJC_MSGSEND = YES;
				GCC_C_LANGUAGE_STANDARD = gnu11;
				GCC_NO_COMMON_BLOCKS = YES;
				GCC_WARN_64_TO_32_BIT_CONVERSION = YES;
				GCC_WARN_ABOUT_RETURN_TYPE = YES_ERROR;
				GCC_WARN_UNDECLARED_SELECTOR = YES;
				GCC_WARN_UNINITIALIZED_AUTOS = YES_AGGRESSIVE;
				GCC_WARN_UNUSED_FUNCTION = YES;
				GCC_WARN_UNUSED_VARIABLE = YES;
				IPHONEOS_DEPLOYMENT_TARGET = 13.2;
				MTL_ENABLE_DEBUG_INFO = NO;
				MTL_FAST_MATH = YES;
				SDKROOT = iphoneos;
				SWIFT_COMPILATION_MODE = wholemodule;
				SWIFT_OPTIMIZATION_LEVEL = "-O";
				VALIDATE_PRODUCT = YES;
			};
			name = Release;
		};
		9B1BFD9223C54698001B3E79 /* Debug */ = {
			isa = XCBuildConfiguration;
			buildSettings = {
				ASSETCATALOG_COMPILER_APPICON_NAME = AppIcon;
				CODE_SIGN_STYLE = Automatic;
				INFOPLIST_FILE = "tictac demo/Info.plist";
				LD_RUNPATH_SEARCH_PATHS = (
					"$(inherited)",
					"@executable_path/Frameworks",
				);
				PRODUCT_BUNDLE_IDENTIFIER = "CestarCollege.tictac-demo";
				PRODUCT_NAME = "$(TARGET_NAME)";
				SWIFT_VERSION = 5.0;
				TARGETED_DEVICE_FAMILY = "1,2";
			};
			name = Debug;
		};
		9B1BFD9323C54698001B3E79 /* Release */ = {
			isa = XCBuildConfiguration;
			buildSettings = {
				ASSETCATALOG_COMPILER_APPICON_NAME = AppIcon;
				CODE_SIGN_STYLE = Automatic;
				INFOPLIST_FILE = "tictac demo/Info.plist";
				LD_RUNPATH_SEARCH_PATHS = (
					"$(inherited)",
					"@executable_path/Frameworks",
				);
				PRODUCT_BUNDLE_IDENTIFIER = "CestarCollege.tictac-demo";
				PRODUCT_NAME = "$(TARGET_NAME)";
				SWIFT_VERSION = 5.0;
				TARGETED_DEVICE_FAMILY = "1,2";
			};
			name = Release;
		};
		9B1BFD9523C54698001B3E79 /* Debug */ = {
			isa = XCBuildConfiguration;
			buildSettings = {
				ALWAYS_EMBED_SWIFT_STANDARD_LIBRARIES = YES;
				BUNDLE_LOADER = "$(TEST_HOST)";
				CODE_SIGN_STYLE = Automatic;
				INFOPLIST_FILE = "tictac demoTests/Info.plist";
				IPHONEOS_DEPLOYMENT_TARGET = 13.2;
				LD_RUNPATH_SEARCH_PATHS = (
					"$(inherited)",
					"@executable_path/Frameworks",
					"@loader_path/Frameworks",
				);
				PRODUCT_BUNDLE_IDENTIFIER = "CestarCollege.tictac-demoTests";
				PRODUCT_NAME = "$(TARGET_NAME)";
				SWIFT_VERSION = 5.0;
				TARGETED_DEVICE_FAMILY = "1,2";
				TEST_HOST = "$(BUILT_PRODUCTS_DIR)/tictac demo.app/tictac demo";
			};
			name = Debug;
		};
		9B1BFD9623C54698001B3E79 /* Release */ = {
			isa = XCBuildConfiguration;
			buildSettings = {
				ALWAYS_EMBED_SWIFT_STANDARD_LIBRARIES = YES;
				BUNDLE_LOADER = "$(TEST_HOST)";
				CODE_SIGN_STYLE = Automatic;
				INFOPLIST_FILE = "tictac demoTests/Info.plist";
				IPHONEOS_DEPLOYMENT_TARGET = 13.2;
				LD_RUNPATH_SEARCH_PATHS = (
					"$(inherited)",
					"@executable_path/Frameworks",
					"@loader_path/Frameworks",
				);
				PRODUCT_BUNDLE_IDENTIFIER = "CestarCollege.tictac-demoTests";
				PRODUCT_NAME = "$(TARGET_NAME)";
				SWIFT_VERSION = 5.0;
				TARGETED_DEVICE_FAMILY = "1,2";
				TEST_HOST = "$(BUILT_PRODUCTS_DIR)/tictac demo.app/tictac demo";
			};
			name = Release;
		};
		9B1BFD9823C54698001B3E79 /* Debug */ = {
			isa = XCBuildConfiguration;
			buildSettings = {
				ALWAYS_EMBED_SWIFT_STANDARD_LIBRARIES = YES;
				CODE_SIGN_STYLE = Automatic;
				INFOPLIST_FILE = "tictac demoUITests/Info.plist";
				LD_RUNPATH_SEARCH_PATHS = (
					"$(inherited)",
					"@executable_path/Frameworks",
					"@loader_path/Frameworks",
				);
				PRODUCT_BUNDLE_IDENTIFIER = "CestarCollege.tictac-demoUITests";
				PRODUCT_NAME = "$(TARGET_NAME)";
				SWIFT_VERSION = 5.0;
				TARGETED_DEVICE_FAMILY = "1,2";
				TEST_TARGET_NAME = "tictac demo";
			};
			name = Debug;
		};
		9B1BFD9923C54698001B3E79 /* Release */ = {
			isa = XCBuildConfiguration;
			buildSettings = {
				ALWAYS_EMBED_SWIFT_STANDARD_LIBRARIES = YES;
				CODE_SIGN_STYLE = Automatic;
				INFOPLIST_FILE = "tictac demoUITests/Info.plist";
				LD_RUNPATH_SEARCH_PATHS = (
					"$(inherited)",
					"@executable_path/Frameworks",
					"@loader_path/Frameworks",
				);
				PRODUCT_BUNDLE_IDENTIFIER = "CestarCollege.tictac-demoUITests";
				PRODUCT_NAME = "$(TARGET_NAME)";
				SWIFT_VERSION = 5.0;
				TARGETED_DEVICE_FAMILY = "1,2";
				TEST_TARGET_NAME = "tictac demo";
			};
			name = Release;
		};
/* End XCBuildConfiguration section */

/* Begin XCConfigurationList section */
		9B1BFD6223C54697001B3E79 /* Build configuration list for PBXProject "tictac demo" */ = {
			isa = XCConfigurationList;
			buildConfigurations = (
				9B1BFD8F23C54698001B3E79 /* Debug */,
				9B1BFD9023C54698001B3E79 /* Release */,
			);
			defaultConfigurationIsVisible = 0;
			defaultConfigurationName = Release;
		};
		9B1BFD9123C54698001B3E79 /* Build configuration list for PBXNativeTarget "tictac demo" */ = {
			isa = XCConfigurationList;
			buildConfigurations = (
				9B1BFD9223C54698001B3E79 /* Debug */,
				9B1BFD9323C54698001B3E79 /* Release */,
			);
			defaultConfigurationIsVisible = 0;
			defaultConfigurationName = Release;
		};
		9B1BFD9423C54698001B3E79 /* Build configuration list for PBXNativeTarget "tictac demoTests" */ = {
			isa = XCConfigurationList;
			buildConfigurations = (
				9B1BFD9523C54698001B3E79 /* Debug */,
				9B1BFD9623C54698001B3E79 /* Release */,
			);
			defaultConfigurationIsVisible = 0;
			defaultConfigurationName = Release;
		};
		9B1BFD9723C54698001B3E79 /* Build configuration list for PBXNativeTarget "tictac demoUITests" */ = {
			isa = XCConfigurationList;
			buildConfigurations = (
				9B1BFD9823C54698001B3E79 /* Debug */,
				9B1BFD9923C54698001B3E79 /* Release */,
			);
			defaultConfigurationIsVisible = 0;
			defaultConfigurationName = Release;
		};
/* End XCConfigurationList section */
	};
	rootObject = 9B1BFD5F23C54697001B3E79 /* Project object */;
}
